
Microsoft Visual Studio Solution File, Format Version 12.00
# Visual Studio 15
VisualStudioVersion = 15.0.28307.168
MinimumVisualStudioVersion = 10.0.40219.1
Project("{9A19103F-16F7-4668-BE54-9A1E7A4F7556}") = "DS", "ClassLibrary2\DS.csproj", "{74B0F61D-08E2-4C3E-9D9E-0373392F7453}"
EndProject
Project("{9A19103F-16F7-4668-BE54-9A1E7A4F7556}") = "BE", "ClassLibrary1\BE.csproj", "{886F46D7-C61C-4443-AE3A-085992CCC658}"
EndProject
Project("{9A19103F-16F7-4668-BE54-9A1E7A4F7556}") = "Dal", "Dal\Dal.csproj", "{FA68E34A-A65F-4A3F-8D89-5AE34B07D830}"
EndProject
Project("{FAE04EC0-301F-11D3-BF4B-00C04F79EFBC}") = "BL", "BL\BL.csproj", "{1D30E703-556A-4792-A29D-0404A9F3EEF7}"
EndProject
Global
	GlobalSection(SolutionConfigurationPlatforms) = preSolution
		Debug|Any CPU = Debug|Any CPU
		Release|Any CPU = Release|Any CPU
	EndGlobalSection
	GlobalSection(ProjectConfigurationPlatforms) = postSolution
		{74B0F61D-08E2-4C3E-9D9E-0373392F7453}.Debug|Any CPU.ActiveCfg = Debug|Any CPU
		{74B0F61D-08E2-4C3E-9D9E-0373392F7453}.Debug|Any CPU.Build.0 = Debug|Any CPU
		{74B0F61D-08E2-4C3E-9D9E-0373392F7453}.Release|Any CPU.ActiveCfg = Release|Any CPU
		{74B0F61D-08E2-4C3E-9D9E-0373392F7453}.Release|Any CPU.Build.0 = Release|Any CPU
		{886F46D7-C61C-4443-AE3A-085992CCC658}.Debug|Any CPU.ActiveCfg = Debug|Any CPU
		{886F46D7-C61C-4443-AE3A-085992CCC658}.Debug|Any CPU.Build.0 = Debug|Any CPU
		{886F46D7-C61C-4443-AE3A-085992CCC658}.Release|Any CPU.ActiveCfg = Release|Any CPU
		{886F46D7-C61C-4443-AE3A-085992CCC658}.Release|Any CPU.Build.0 = Release|Any CPU
		{FA68E34A-A65F-4A3F-8D89-5AE34B07D830}.Debug|Any CPU.ActiveCfg = Debug|Any CPU
		{FA68E34A-A65F-4A3F-8D89-5AE34B07D830}.Debug|Any CPU.Build.0 = Debug|Any CPU
		{FA68E34A-A65F-4A3F-8D89-5AE34B07D830}.Release|Any CPU.ActiveCfg = Release|Any CPU
		{FA68E34A-A65F-4A3F-8D89-5AE34B07D830}.Release|Any CPU.Build.0 = Release|Any CPU
		{1D30E703-556A-4792-A29D-0404A9F3EEF7}.Debug|Any CPU.ActiveCfg = Debug|Any CPU
		{1D30E703-556A-4792-A29D-0404A9F3EEF7}.Debug|Any CPU.Build.0 = Debug|Any CPU
		{1D30E703-556A-4792-A29D-0404A9F3EEF7}.Release|Any CPU.ActiveCfg = Release|Any CPU
		{1D30E703-556A-4792-A29D-0404A9F3EEF7}.Release|Any CPU.Build.0 = Release|Any CPU
	EndGlobalSection
	GlobalSection(SolutionProperties) = preSolution
		HideSolutionNode = FALSE
	EndGlobalSection
	GlobalSection(ExtensibilityGlobals) = postSolution
		SolutionGuid = {BB8B9C07-C177-45D4-9139-9043214C7162}
	EndGlobalSection
EndGlobal
